{
  "name": "okty",
  "version": "1.0.0",
  "lockfileVersion": 2,
  "requires": true,
  "packages": {
    "": {
      "version": "1.0.0",
      "license": "ISC",
      "dependencies": {
        "@okta/okta-sdk-nodejs": "^4.4.0",
        "csvtojson": "^2.0.10",
        "dotenv": "^8.2.0",
        "json2csv": "^5.0.6",
        "lodash": "^4.17.21",
        "node-fetch": "^2.6.1",
        "ora": "^5.4.0",
        "yargs": "^16.2.0"
      },
      "bin": {
        "okty": "src/okty.js"
      }
    },
    "node_modules/@okta/okta-sdk-nodejs": {
      "version": "4.4.0",
      "resolved": "http://172.31.48.152:81/npm/api-npm/@okta/okta-sdk-nodejs/-/okta-sdk-nodejs-4.4.0.tgz",
      "integrity": "sha512-lUMEWxlbdf2O7pmc4FnO37QOCaImwvYkgINekSlLImiFjfA2NSI7BJLGDnPqe0R9IGtJsi47CiQpV7HhvY/oNg==",
      "license": "Apache-2.0",
      "dependencies": {
        "deep-copy": "^1.4.2",
        "flat": "^5.0.2",
        "isomorphic-fetch": "^3.0.0",
        "js-yaml": "^3.14.1",
        "lodash": "^4.17.20",
        "njwt": "^1.0.0",
        "parse-link-header": "^1.0.1",
        "rasha": "^1.2.5"
      },
      "engines": {
        "node": ">=10.0"
      }
    },
    "node_modules/ansi-regex": {
      "version": "5.0.0",
      "resolved": "http://172.31.48.152:81/npm/api-npm/ansi-regex/-/ansi-regex-5.0.0.tgz",
      "integrity": "sha1-OIU59VF5vzkznIGvMKZU1p+Hy3U=",
      "license": "MIT",
      "engines": {
        "node": ">=8"
      }
    },
    "node_modules/ansi-styles": {
      "version": "4.3.0",
      "resolved": "http://172.31.48.152:81/npm/api-npm/ansi-styles/-/ansi-styles-4.3.0.tgz",
      "integrity": "sha1-7dgDYornHATIWuegkG7a00tkiTc=",
      "license": "MIT",
      "dependencies": {
        "color-convert": "^2.0.1"
      },
      "engines": {
        "node": ">=8"
      },
      "funding": {
        "url": "https://github.com/chalk/ansi-styles?sponsor=1"
      }
    },
    "node_modules/argparse": {
      "version": "1.0.10",
      "resolved": "http://172.31.48.152:81/npm/api-npm/argparse/-/argparse-1.0.10.tgz",
      "integrity": "sha1-vNZ5HqWuCXJeF+WtmIE0zUCz2RE=",
      "license": "MIT",
      "dependencies": {
        "sprintf-js": "~1.0.2"
      }
    },
    "node_modules/base64-js": {
      "version": "1.5.1",
      "resolved": "http://172.31.48.152:81/npm/api-npm/base64-js/-/base64-js-1.5.1.tgz",
      "integrity": "sha1-GxtEAWClv3rUC2UPCVljSBkDkwo=",
      "funding": [
        {
          "type": "github",
          "url": "https://github.com/sponsors/feross"
        },
        {
          "type": "patreon",
          "url": "https://www.patreon.com/feross"
        },
        {
          "type": "consulting",
          "url": "https://feross.org/support"
        }
      ],
      "license": "MIT"
    },
    "node_modules/bl": {
      "version": "4.1.0",
      "resolved": "http://172.31.48.152:81/npm/api-npm/bl/-/bl-4.1.0.tgz",
      "integrity": "sha1-RRU1JkGCvsL7vIOmKrmM8R2fezo=",
      "license": "MIT",
      "dependencies": {
        "buffer": "^5.5.0",
        "inherits": "^2.0.4",
        "readable-stream": "^3.4.0"
      }
    },
    "node_modules/bluebird": {
      "version": "3.7.2",
      "resolved": "http://172.31.48.152:81/npm/api-npm/bluebird/-/bluebird-3.7.2.tgz",
      "integrity": "sha512-XpNj6GDQzdfW+r2Wnn7xiSAd7TM3jzkxGXBGTtWKuSXv1xUV+azxAm8jdWZN06QTQk+2N2XB9jRDkvbmQmcRtg==",
      "license": "MIT"
    },
    "node_modules/buffer": {
      "version": "5.7.1",
      "resolved": "http://172.31.48.152:81/npm/api-npm/buffer/-/buffer-5.7.1.tgz",
      "integrity": "sha1-umLnwTEzBTWCGXFghRqPZI6Z7tA=",
      "funding": [
        {
          "type": "github",
          "url": "https://github.com/sponsors/feross"
        },
        {
          "type": "patreon",
          "url": "https://www.patreon.com/feross"
        },
        {
          "type": "consulting",
          "url": "https://feross.org/support"
        }
      ],
      "license": "MIT",
      "dependencies": {
        "base64-js": "^1.3.1",
        "ieee754": "^1.1.13"
      }
    },
    "node_modules/chalk": {
      "version": "4.1.0",
      "resolved": "http://172.31.48.152:81/npm/api-npm/chalk/-/chalk-4.1.0.tgz",
      "integrity": "sha1-ThSHCmGNni7dl92DRf2dncMVZGo=",
      "license": "MIT",
      "dependencies": {
        "ansi-styles": "^4.1.0",
        "supports-color": "^7.1.0"
      },
      "engines": {
        "node": ">=10"
      },
      "funding": {
        "url": "https://github.com/chalk/chalk?sponsor=1"
      }
    },
    "node_modules/cli-cursor": {
      "version": "3.1.0",
      "resolved": "http://172.31.48.152:81/npm/api-npm/cli-cursor/-/cli-cursor-3.1.0.tgz",
      "integrity": "sha1-JkMFp65JDR0Dvwybp8kl0XU68wc=",
      "license": "MIT",
      "dependencies": {
        "restore-cursor": "^3.1.0"
      },
      "engines": {
        "node": ">=8"
      }
    },
    "node_modules/cli-spinners": {
      "version": "2.6.0",
      "resolved": "http://172.31.48.152:81/npm/api-npm/cli-spinners/-/cli-spinners-2.6.0.tgz",
      "integrity": "sha512-t+4/y50K/+4xcCRosKkA7W4gTr1MySvLV0q+PxmG7FJ5g+66ChKurYjxBCjHggHH3HA5Hh9cy+lcUGWDqVH+4Q==",
      "license": "MIT",
      "engines": {
        "node": ">=6"
      },
      "funding": {
        "url": "https://github.com/sponsors/sindresorhus"
      }
    },
    "node_modules/cliui": {
      "version": "7.0.4",
      "resolved": "http://172.31.48.152:81/npm/api-npm/cliui/-/cliui-7.0.4.tgz",
      "integrity": "sha512-OcRE68cOsVMXp1Yvonl/fzkQOyjLSu/8bhPDfQt0e0/Eb283TKP20Fs2MqoPsr9SwA595rRCA+QMzYc9nBP+JQ==",
      "license": "ISC",
      "dependencies": {
        "string-width": "^4.2.0",
        "strip-ansi": "^6.0.0",
        "wrap-ansi": "^7.0.0"
      }
    },
    "node_modules/clone": {
      "version": "1.0.4",
      "resolved": "http://172.31.48.152:81/npm/api-npm/clone/-/clone-1.0.4.tgz",
      "integrity": "sha1-2jCcwmPfFZlMaIypAheco8fNfH4=",
      "license": "MIT",
      "engines": {
        "node": ">=0.8"
      }
    },
    "node_modules/color-convert": {
      "version": "2.0.1",
      "resolved": "http://172.31.48.152:81/npm/api-npm/color-convert/-/color-convert-2.0.1.tgz",
      "integrity": "sha1-ctOmjVmMm9s68q0ehPIdiWq9TeM=",
      "license": "MIT",
      "dependencies": {
        "color-name": "~1.1.4"
      },
      "engines": {
        "node": ">=7.0.0"
      }
    },
    "node_modules/color-name": {
      "version": "1.1.4",
      "resolved": "http://172.31.48.152:81/npm/api-npm/color-name/-/color-name-1.1.4.tgz",
      "integrity": "sha1-wqCah6y95pVD3m9j+jmVyCbFNqI=",
      "license": "MIT"
    },
    "node_modules/commander": {
      "version": "6.2.1",
      "resolved": "http://172.31.48.152:81/npm/api-npm/commander/-/commander-6.2.1.tgz",
      "integrity": "sha1-B5LraC37wyWZm7K4T93duhEKxzw=",
      "license": "MIT",
      "engines": {
        "node": ">= 6"
      }
    },
    "node_modules/csvtojson": {
      "version": "2.0.10",
      "resolved": "http://172.31.48.152:81/npm/api-npm/csvtojson/-/csvtojson-2.0.10.tgz",
      "integrity": "sha512-lUWFxGKyhraKCW8Qghz6Z0f2l/PqB1W3AO0HKJzGIQ5JRSlR651ekJDiGJbBT4sRNNv5ddnSGVEnsxP9XRCVpQ==",
      "license": "MIT",
      "dependencies": {
        "bluebird": "^3.5.1",
        "lodash": "^4.17.3",
        "strip-bom": "^2.0.0"
      },
      "bin": {
        "csvtojson": "bin/csvtojson"
      },
      "engines": {
        "node": ">=4.0.0"
      }
    },
    "node_modules/deep-copy": {
      "version": "1.4.2",
      "resolved": "http://172.31.48.152:81/npm/api-npm/deep-copy/-/deep-copy-1.4.2.tgz",
      "integrity": "sha512-VxZwQ/1+WGQPl5nE67uLhh7OqdrmqI1OazrraO9Bbw/M8Bt6Mol/RxzDA6N6ZgRXpsG/W9PgUj8E1LHHBEq2GQ==",
      "license": "MIT",
      "engines": {
        "node": ">=4.0.0"
      }
    },
    "node_modules/defaults": {
      "version": "1.0.3",
      "resolved": "http://172.31.48.152:81/npm/api-npm/defaults/-/defaults-1.0.3.tgz",
      "integrity": "sha1-xlYFHpgX2f8I7YgUd/P+QBnz730=",
      "license": "MIT",
      "dependencies": {
        "clone": "^1.0.2"
      }
    },
    "node_modules/dotenv": {
      "version": "8.2.0",
      "resolved": "http://172.31.48.152:81/npm/api-npm/dotenv/-/dotenv-8.2.0.tgz",
      "integrity": "sha1-l+YZJZradQ7qPk6j4mvO6lQksWo=",
      "license": "BSD-2-Clause",
      "engines": {
        "node": ">=8"
      }
    },
    "node_modules/ecdsa-sig-formatter": {
      "version": "1.0.11",
      "resolved": "http://172.31.48.152:81/npm/api-npm/ecdsa-sig-formatter/-/ecdsa-sig-formatter-1.0.11.tgz",
      "integrity": "sha512-nagl3RYrbNv6kQkeJIpt6NJZy8twLB/2vtz6yN9Z4vRKHN4/QZJIEbqohALSgwKdnksuY3k5Addp5lg8sVoVcQ==",
      "license": "Apache-2.0",
      "dependencies": {
        "safe-buffer": "^5.0.1"
      }
    },
    "node_modules/emoji-regex": {
      "version": "8.0.0",
      "resolved": "http://172.31.48.152:81/npm/api-npm/emoji-regex/-/emoji-regex-8.0.0.tgz",
      "integrity": "sha1-6Bj9ac5cz8tARZT4QpY79TFkzDc=",
      "license": "MIT"
    },
    "node_modules/escalade": {
      "version": "3.1.1",
      "resolved": "http://172.31.48.152:81/npm/api-npm/escalade/-/escalade-3.1.1.tgz",
      "integrity": "sha1-2M/ccACWXFoBdLSoLqpcBVJ0LkA=",
      "license": "MIT",
      "engines": {
        "node": ">=6"
      }
    },
    "node_modules/esprima": {
      "version": "4.0.1",
      "resolved": "http://172.31.48.152:81/npm/api-npm/esprima/-/esprima-4.0.1.tgz",
      "integrity": "sha1-E7BM2z5sXRnfkatph6hpVhmwqnE=",
      "license": "BSD-2-Clause",
      "bin": {
        "esparse": "bin/esparse.js",
        "esvalidate": "bin/esvalidate.js"
      },
      "engines": {
        "node": ">=4"
      }
    },
    "node_modules/flat": {
      "version": "5.0.2",
      "resolved": "http://172.31.48.152:81/npm/api-npm/flat/-/flat-5.0.2.tgz",
      "integrity": "sha512-b6suED+5/3rTpUBdG1gupIl8MPFCAMA0QXwmljLhvCUKcUvdE4gWky9zpuGCcXHOsz4J9wPGNWq6OKpmIzz3hQ==",
      "license": "BSD-3-Clause",
      "bin": {
        "flat": "cli.js"
      }
    },
    "node_modules/get-caller-file": {
      "version": "2.0.5",
      "resolved": "http://172.31.48.152:81/npm/api-npm/get-caller-file/-/get-caller-file-2.0.5.tgz",
      "integrity": "sha1-T5RBKoLbMvNuOwuXQfipf+sDH34=",
      "license": "ISC",
      "engines": {
        "node": "6.* || 8.* || >= 10.*"
      }
    },
    "node_modules/has-flag": {
      "version": "4.0.0",
      "resolved": "http://172.31.48.152:81/npm/api-npm/has-flag/-/has-flag-4.0.0.tgz",
      "integrity": "sha1-lEdx/ZyByBJlxNaUGGDaBrtZR5s=",
      "license": "MIT",
      "engines": {
        "node": ">=8"
      }
    },
    "node_modules/ieee754": {
      "version": "1.2.1",
      "resolved": "http://172.31.48.152:81/npm/api-npm/ieee754/-/ieee754-1.2.1.tgz",
      "integrity": "sha1-jrehCmP/8l0VpXsAFYbRd9Gw01I=",
      "funding": [
        {
          "type": "github",
          "url": "https://github.com/sponsors/feross"
        },
        {
          "type": "patreon",
          "url": "https://www.patreon.com/feross"
        },
        {
          "type": "consulting",
          "url": "https://feross.org/support"
        }
      ],
      "license": "BSD-3-Clause"
    },
    "node_modules/inherits": {
      "version": "2.0.4",
      "resolved": "http://172.31.48.152:81/npm/api-npm/inherits/-/inherits-2.0.4.tgz",
      "integrity": "sha1-D6LGT5MpF8NDOg3tVTY6rjdBa3w=",
      "license": "ISC"
    },
    "node_modules/is-fullwidth-code-point": {
      "version": "3.0.0",
      "resolved": "http://172.31.48.152:81/npm/api-npm/is-fullwidth-code-point/-/is-fullwidth-code-point-3.0.0.tgz",
      "integrity": "sha1-8Rb4Bk/pCz94RKOJl8C3UFEmnx0=",
      "license": "MIT",
      "engines": {
        "node": ">=8"
      }
    },
    "node_modules/is-interactive": {
      "version": "1.0.0",
      "resolved": "http://172.31.48.152:81/npm/api-npm/is-interactive/-/is-interactive-1.0.0.tgz",
      "integrity": "sha1-zqbmrlyHCnsKAAQHC3tYfgJSkS4=",
      "license": "MIT",
      "engines": {
        "node": ">=8"
      }
    },
    "node_modules/is-unicode-supported": {
      "version": "0.1.0",
      "resolved": "http://172.31.48.152:81/npm/api-npm/is-unicode-supported/-/is-unicode-supported-0.1.0.tgz",
      "integrity": "sha512-knxG2q4UC3u8stRGyAVJCOdxFmv5DZiRcdlIaAQXAbSfJya+OhopNotLQrstBhququ4ZpuKbDc/8S6mgXgPFPw==",
      "license": "MIT",
      "engines": {
        "node": ">=10"
      },
      "funding": {
        "url": "https://github.com/sponsors/sindresorhus"
      }
    },
    "node_modules/is-utf8": {
      "version": "0.2.1",
      "resolved": "http://172.31.48.152:81/npm/api-npm/is-utf8/-/is-utf8-0.2.1.tgz",
      "integrity": "sha1-Sw2hRCEE0bM2NA6AeX6GXPOffXI=",
      "license": "MIT"
    },
    "node_modules/isomorphic-fetch": {
      "version": "3.0.0",
      "resolved": "http://172.31.48.152:81/npm/api-npm/isomorphic-fetch/-/isomorphic-fetch-3.0.0.tgz",
      "integrity": "sha512-qvUtwJ3j6qwsF3jLxkZ72qCgjMysPzDfeV240JHiGZsANBYd+EEuu35v7dfrJ9Up0Ak07D7GGSkGhCHTqg/5wA==",
      "license": "MIT",
      "dependencies": {
        "node-fetch": "^2.6.1",
        "whatwg-fetch": "^3.4.1"
      }
    },
    "node_modules/js-yaml": {
      "version": "3.14.1",
      "resolved": "http://172.31.48.152:81/npm/api-npm/js-yaml/-/js-yaml-3.14.1.tgz",
      "integrity": "sha1-2ugS/bOCX6MGYJqHFzg8UMNqBTc=",
      "license": "MIT",
      "dependencies": {
        "argparse": "^1.0.7",
        "esprima": "^4.0.0"
      },
      "bin": {
        "js-yaml": "bin/js-yaml.js"
      }
    },
    "node_modules/json2csv": {
      "version": "5.0.6",
      "resolved": "http://172.31.48.152:81/npm/api-npm/json2csv/-/json2csv-5.0.6.tgz",
      "integrity": "sha512-0/4Lv6IenJV0qj2oBdgPIAmFiKKnh8qh7bmLFJ+/ZZHLjSeiL3fKKGX3UryvKPbxFbhV+JcYo9KUC19GJ/Z/4A==",
      "license": "MIT",
      "dependencies": {
        "commander": "^6.1.0",
        "jsonparse": "^1.3.1",
        "lodash.get": "^4.4.2"
      },
      "bin": {
        "json2csv": "bin/json2csv.js"
      },
      "engines": {
        "node": ">= 10",
        "npm": ">= 6.13.0"
      }
    },
    "node_modules/jsonparse": {
      "version": "1.3.1",
      "resolved": "http://172.31.48.152:81/npm/api-npm/jsonparse/-/jsonparse-1.3.1.tgz",
      "integrity": "sha1-P02uSpH6wxX3EGL4UhzCOfE2YoA=",
      "engines": [
        "node >= 0.2.0"
      ],
      "license": "MIT"
    },
    "node_modules/lodash": {
      "version": "4.17.21",
      "resolved": "http://172.31.48.152:81/npm/api-npm/lodash/-/lodash-4.17.21.tgz",
      "integrity": "sha1-Z5WRxWTDv/quhFTPCz3zcMPWkRw=",
      "license": "MIT"
    },
    "node_modules/lodash.get": {
      "version": "4.4.2",
      "resolved": "http://172.31.48.152:81/npm/api-npm/lodash.get/-/lodash.get-4.4.2.tgz",
      "integrity": "sha1-LRd/ZS+jHpObRDjVNBSZ36OCXpk=",
      "license": "MIT"
    },
    "node_modules/log-symbols": {
      "version": "4.1.0",
      "resolved": "http://172.31.48.152:81/npm/api-npm/log-symbols/-/log-symbols-4.1.0.tgz",
      "integrity": "sha512-8XPvpAA8uyhfteu8pIvQxpJZ7SYYdpUivZpGy6sFsBuKRY/7rQGavedeB8aK+Zkyq6upMFVL/9AW6vOYzfRyLg==",
      "license": "MIT",
      "dependencies": {
        "chalk": "^4.1.0",
        "is-unicode-supported": "^0.1.0"
      },
      "engines": {
        "node": ">=10"
      },
      "funding": {
        "url": "https://github.com/sponsors/sindresorhus"
      }
    },
    "node_modules/mimic-fn": {
      "version": "2.1.0",
      "resolved": "http://172.31.48.152:81/npm/api-npm/mimic-fn/-/mimic-fn-2.1.0.tgz",
      "integrity": "sha1-ftLCzMyvhNP/y3pptXcR/CCDQBs=",
      "license": "MIT",
      "engines": {
        "node": ">=6"
      }
    },
    "node_modules/njwt": {
      "version": "1.0.0",
      "resolved": "http://172.31.48.152:81/npm/api-npm/njwt/-/njwt-1.0.0.tgz",
      "integrity": "sha512-n+FaPUauVQF/So+YcOACBb/zCxDH5WlCV3dTrX0u7VMGagjDiI39XRJWaPd2PtpT6IpIQUcd7x0twiRZaIQNDQ==",
      "license": "Apache-2.0",
      "dependencies": {
        "ecdsa-sig-formatter": "^1.0.5",
        "uuid": "^3.3.2"
      }
    },
    "node_modules/node-fetch": {
      "version": "2.6.1",
      "resolved": "http://172.31.48.152:81/npm/api-npm/node-fetch/-/node-fetch-2.6.1.tgz",
      "integrity": "sha512-V4aYg89jEoVRxRb2fJdAg8FHvI7cEyYdVAh94HH0UIK8oJxUfkjlDQN9RbMx+bEjP7+ggMiFRprSti032Oipxw==",
      "license": "MIT",
      "engines": {
        "node": "4.x || >=6.0.0"
      }
    },
    "node_modules/onetime": {
      "version": "5.1.2",
      "resolved": "http://172.31.48.152:81/npm/api-npm/onetime/-/onetime-5.1.2.tgz",
      "integrity": "sha1-0Oluu1awdHbfHdnEgG5SN5hcpF4=",
      "license": "MIT",
      "dependencies": {
        "mimic-fn": "^2.1.0"
      },
      "engines": {
        "node": ">=6"
      },
      "funding": {
        "url": "https://github.com/sponsors/sindresorhus"
      }
    },
    "node_modules/ora": {
      "version": "5.4.0",
      "resolved": "http://172.31.48.152:81/npm/api-npm/ora/-/ora-5.4.0.tgz",
      "integrity": "sha512-1StwyXQGoU6gdjYkyVcqOLnVlbKj+6yPNNOxJVgpt9t4eksKjiriiHuxktLYkgllwk+D6MbC4ihH84L1udRXPg==",
      "license": "MIT",
      "dependencies": {
        "bl": "^4.1.0",
        "chalk": "^4.1.0",
        "cli-cursor": "^3.1.0",
        "cli-spinners": "^2.5.0",
        "is-interactive": "^1.0.0",
        "is-unicode-supported": "^0.1.0",
        "log-symbols": "^4.1.0",
        "strip-ansi": "^6.0.0",
        "wcwidth": "^1.0.1"
      },
      "engines": {
        "node": ">=10"
      },
      "funding": {
        "url": "https://github.com/sponsors/sindresorhus"
      }
    },
    "node_modules/parse-link-header": {
      "version": "1.0.1",
      "resolved": "http://172.31.48.152:81/npm/api-npm/parse-link-header/-/parse-link-header-1.0.1.tgz",
      "integrity": "sha1-vt/g0hGK64S+deewJUGeyKYRQKc=",
      "license": "MIT",
      "dependencies": {
        "xtend": "~4.0.1"
      }
    },
    "node_modules/rasha": {
      "version": "1.2.5",
      "resolved": "http://172.31.48.152:81/npm/api-npm/rasha/-/rasha-1.2.5.tgz",
      "integrity": "sha512-KxtX+/fBk+wM7O3CNgwjSh5elwFilLvqWajhr6wFr2Hd63JnKTTi43Tw+Jb1hxJQWOwoya+NZWR2xztn3hCrTw==",
      "license": "MPL-2.0",
      "bin": {
        "rasha": "bin/rasha.js"
      }
    },
    "node_modules/readable-stream": {
      "version": "3.6.0",
      "resolved": "http://172.31.48.152:81/npm/api-npm/readable-stream/-/readable-stream-3.6.0.tgz",
      "integrity": "sha1-M3u9o63AcGvT4CRCaihtS0sskZg=",
      "license": "MIT",
      "dependencies": {
        "inherits": "^2.0.3",
        "string_decoder": "^1.1.1",
        "util-deprecate": "^1.0.1"
      },
      "engines": {
        "node": ">= 6"
      }
    },
    "node_modules/require-directory": {
      "version": "2.1.1",
      "resolved": "http://172.31.48.152:81/npm/api-npm/require-directory/-/require-directory-2.1.1.tgz",
      "integrity": "sha1-jGStX9MNqxyXbiNE/+f3kqam30I=",
      "license": "MIT",
      "engines": {
        "node": ">=0.10.0"
      }
    },
    "node_modules/restore-cursor": {
      "version": "3.1.0",
      "resolved": "http://172.31.48.152:81/npm/api-npm/restore-cursor/-/restore-cursor-3.1.0.tgz",
      "integrity": "sha1-OfZ8VLOnpYzqUjbZXPADQjljH34=",
      "license": "MIT",
      "dependencies": {
        "onetime": "^5.1.0",
        "signal-exit": "^3.0.2"
      },
      "engines": {
        "node": ">=8"
      }
    },
    "node_modules/safe-buffer": {
      "version": "5.2.1",
      "resolved": "http://172.31.48.152:81/npm/api-npm/safe-buffer/-/safe-buffer-5.2.1.tgz",
      "integrity": "sha1-Hq+fqb2x/dTsdfWPnNtOa3gn7sY=",
      "funding": [
        {
          "type": "github",
          "url": "https://github.com/sponsors/feross"
        },
        {
          "type": "patreon",
          "url": "https://www.patreon.com/feross"
        },
        {
          "type": "consulting",
          "url": "https://feross.org/support"
        }
      ],
      "license": "MIT"
    },
    "node_modules/signal-exit": {
      "version": "3.0.3",
      "resolved": "http://172.31.48.152:81/npm/api-npm/signal-exit/-/signal-exit-3.0.3.tgz",
      "integrity": "sha1-oUEMLt2PB3sItOJTyOrPyvBXRhw=",
      "license": "ISC"
    },
    "node_modules/sprintf-js": {
      "version": "1.0.3",
      "resolved": "http://172.31.48.152:81/npm/api-npm/sprintf-js/-/sprintf-js-1.0.3.tgz",
      "integrity": "sha1-BOaSb2YolTVPPdAVIDYzuFcpfiw=",
      "license": "BSD-3-Clause"
    },
    "node_modules/string_decoder": {
      "version": "1.3.0",
      "resolved": "http://172.31.48.152:81/npm/api-npm/string_decoder/-/string_decoder-1.3.0.tgz",
      "integrity": "sha1-QvEUWUpGzxqOMLCoT1bHjD7awh4=",
      "license": "MIT",
      "dependencies": {
        "safe-buffer": "~5.2.0"
      }
    },
    "node_modules/string-width": {
      "version": "4.2.0",
      "resolved": "http://172.31.48.152:81/npm/api-npm/string-width/-/string-width-4.2.0.tgz",
      "integrity": "sha1-lSGCxGzHssMT0VluYjmSvRY7crU=",
      "license": "MIT",
      "dependencies": {
        "emoji-regex": "^8.0.0",
        "is-fullwidth-code-point": "^3.0.0",
        "strip-ansi": "^6.0.0"
      },
      "engines": {
        "node": ">=8"
      }
    },
    "node_modules/strip-ansi": {
      "version": "6.0.0",
      "resolved": "http://172.31.48.152:81/npm/api-npm/strip-ansi/-/strip-ansi-6.0.0.tgz",
      "integrity": "sha1-CxVx3XZpzNTz4G4U7x7tJiJa5TI=",
      "license": "MIT",
      "dependencies": {
        "ansi-regex": "^5.0.0"
      },
      "engines": {
        "node": ">=8"
      }
    },
    "node_modules/strip-bom": {
      "version": "2.0.0",
      "resolved": "http://172.31.48.152:81/npm/api-npm/strip-bom/-/strip-bom-2.0.0.tgz",
      "integrity": "sha1-YhmoVhZSBJHzV4i9vxRHqZx+aw4=",
      "license": "MIT",
      "dependencies": {
        "is-utf8": "^0.2.0"
      },
      "engines": {
        "node": ">=0.10.0"
      }
    },
    "node_modules/supports-color": {
      "version": "7.2.0",
      "resolved": "http://172.31.48.152:81/npm/api-npm/supports-color/-/supports-color-7.2.0.tgz",
      "integrity": "sha1-G33NyzK4E4gBs+R4umpRyqiWSNo=",
      "license": "MIT",
      "dependencies": {
        "has-flag": "^4.0.0"
      },
      "engines": {
        "node": ">=8"
      }
    },
    "node_modules/util-deprecate": {
      "version": "1.0.2",
      "resolved": "http://172.31.48.152:81/npm/api-npm/util-deprecate/-/util-deprecate-1.0.2.tgz",
      "integrity": "sha1-RQ1Nyfpw3nMnYvvS1KKJgUGaDM8=",
      "license": "MIT"
    },
    "node_modules/uuid": {
      "version": "3.4.0",
      "resolved": "http://172.31.48.152:81/npm/api-npm/uuid/-/uuid-3.4.0.tgz",
      "integrity": "sha1-sj5DWK+oogL+ehAK8fX4g/AgB+4=",
      "license": "MIT",
      "bin": {
        "uuid": "bin/uuid"
      }
    },
    "node_modules/wcwidth": {
      "version": "1.0.1",
      "resolved": "http://172.31.48.152:81/npm/api-npm/wcwidth/-/wcwidth-1.0.1.tgz",
      "integrity": "sha1-8LDc+RW8X/FSivrbLA4XtTLaL+g=",
      "license": "MIT",
      "dependencies": {
        "defaults": "^1.0.3"
      }
    },
    "node_modules/whatwg-fetch": {
      "version": "3.5.0",
      "resolved": "http://172.31.48.152:81/npm/api-npm/whatwg-fetch/-/whatwg-fetch-3.5.0.tgz",
      "integrity": "sha1-YFos0KcUbl2xQeKdHGKrhMDEyGg=",
      "license": "MIT"
    },
    "node_modules/wrap-ansi": {
      "version": "7.0.0",
      "resolved": "http://172.31.48.152:81/npm/api-npm/wrap-ansi/-/wrap-ansi-7.0.0.tgz",
      "integrity": "sha512-YVGIj2kamLSTxw6NsZjoBxfSwsn0ycdesmc4p+Q21c5zPuZ1pl+NfxVdxPtdHvmNVOQ6XSYG4AUtyt/Fi7D16Q==",
      "license": "MIT",
      "dependencies": {
        "ansi-styles": "^4.0.0",
        "string-width": "^4.1.0",
        "strip-ansi": "^6.0.0"
      },
      "engines": {
        "node": ">=10"
      },
      "funding": {
        "url": "https://github.com/chalk/wrap-ansi?sponsor=1"
      }
    },
    "node_modules/xtend": {
      "version": "4.0.2",
      "resolved": "http://172.31.48.152:81/npm/api-npm/xtend/-/xtend-4.0.2.tgz",
      "integrity": "sha1-u3J3n1+kZRhrH0OPZ0+jR/2121Q=",
      "license": "MIT",
      "engines": {
        "node": ">=0.4"
      }
    },
    "node_modules/y18n": {
      "version": "5.0.5",
      "resolved": "http://172.31.48.152:81/npm/api-npm/y18n/-/y18n-5.0.5.tgz",
      "integrity": "sha512-hsRUr4FFrvhhRH12wOdfs38Gy7k2FFzB9qgN9v3aLykRq0dRcdcpz5C9FxdS2NuhOrI/628b/KSTJ3rwHysYSg==",
      "license": "ISC",
      "engines": {
        "node": ">=10"
      }
    },
    "node_modules/yargs": {
      "version": "16.2.0",
      "resolved": "http://172.31.48.152:81/npm/api-npm/yargs/-/yargs-16.2.0.tgz",
      "integrity": "sha512-D1mvvtDG0L5ft/jGWkLpG1+m0eQxOfaBvTNELraWj22wSVUMWxZUvYgJYcKh6jGGIkJFhH4IZPQhR4TKpc8mBw==",
      "license": "MIT",
      "dependencies": {
        "cliui": "^7.0.2",
        "escalade": "^3.1.1",
        "get-caller-file": "^2.0.5",
        "require-directory": "^2.1.1",
        "string-width": "^4.2.0",
        "y18n": "^5.0.5",
        "yargs-parser": "^20.2.2"
      },
      "engines": {
        "node": ">=10"
      }
    },
    "node_modules/yargs-parser": {
      "version": "20.2.4",
      "resolved": "http://172.31.48.152:81/npm/api-npm/yargs-parser/-/yargs-parser-20.2.4.tgz",
      "integrity": "sha1-tCiQ8UVmeW+Fro46JSkNIF8VSlQ=",
      "license": "ISC",
      "engines": {
        "node": ">=10"
      }
    }
  },
  "dependencies": {
    "@okta/okta-sdk-nodejs": {
      "version": "4.4.0",
      "resolved": "http://172.31.48.152:81/npm/api-npm/@okta/okta-sdk-nodejs/-/okta-sdk-nodejs-4.4.0.tgz",
      "integrity": "sha512-lUMEWxlbdf2O7pmc4FnO37QOCaImwvYkgINekSlLImiFjfA2NSI7BJLGDnPqe0R9IGtJsi47CiQpV7HhvY/oNg==",
      "requires": {
        "deep-copy": "^1.4.2",
        "flat": "^5.0.2",
        "isomorphic-fetch": "^3.0.0",
        "js-yaml": "^3.14.1",
        "lodash": "^4.17.20",
        "njwt": "^1.0.0",
        "parse-link-header": "^1.0.1",
        "rasha": "^1.2.5"
      }
    },
    "ansi-regex": {
      "version": "5.0.0",
      "resolved": "http://172.31.48.152:81/npm/api-npm/ansi-regex/-/ansi-regex-5.0.0.tgz",
      "integrity": "sha1-OIU59VF5vzkznIGvMKZU1p+Hy3U="
    },
    "ansi-styles": {
      "version": "4.3.0",
      "resolved": "http://172.31.48.152:81/npm/api-npm/ansi-styles/-/ansi-styles-4.3.0.tgz",
      "integrity": "sha1-7dgDYornHATIWuegkG7a00tkiTc=",
      "requires": {
        "color-convert": "^2.0.1"
      }
    },
    "argparse": {
      "version": "1.0.10",
      "resolved": "http://172.31.48.152:81/npm/api-npm/argparse/-/argparse-1.0.10.tgz",
      "integrity": "sha1-vNZ5HqWuCXJeF+WtmIE0zUCz2RE=",
      "requires": {
        "sprintf-js": "~1.0.2"
      }
    },
    "base64-js": {
      "version": "1.5.1",
      "resolved": "http://172.31.48.152:81/npm/api-npm/base64-js/-/base64-js-1.5.1.tgz",
      "integrity": "sha1-GxtEAWClv3rUC2UPCVljSBkDkwo="
    },
    "bl": {
      "version": "4.1.0",
      "resolved": "http://172.31.48.152:81/npm/api-npm/bl/-/bl-4.1.0.tgz",
      "integrity": "sha1-RRU1JkGCvsL7vIOmKrmM8R2fezo=",
      "requires": {
        "buffer": "^5.5.0",
        "inherits": "^2.0.4",
        "readable-stream": "^3.4.0"
      }
    },
    "bluebird": {
      "version": "3.7.2",
      "resolved": "http://172.31.48.152:81/npm/api-npm/bluebird/-/bluebird-3.7.2.tgz",
      "integrity": "sha512-XpNj6GDQzdfW+r2Wnn7xiSAd7TM3jzkxGXBGTtWKuSXv1xUV+azxAm8jdWZN06QTQk+2N2XB9jRDkvbmQmcRtg=="
    },
    "buffer": {
      "version": "5.7.1",
      "resolved": "http://172.31.48.152:81/npm/api-npm/buffer/-/buffer-5.7.1.tgz",
      "integrity": "sha1-umLnwTEzBTWCGXFghRqPZI6Z7tA=",
      "requires": {
        "base64-js": "^1.3.1",
        "ieee754": "^1.1.13"
      }
    },
    "chalk": {
      "version": "4.1.0",
      "resolved": "http://172.31.48.152:81/npm/api-npm/chalk/-/chalk-4.1.0.tgz",
      "integrity": "sha1-ThSHCmGNni7dl92DRf2dncMVZGo=",
      "requires": {
        "ansi-styles": "^4.1.0",
        "supports-color": "^7.1.0"
      }
    },
    "cli-cursor": {
      "version": "3.1.0",
      "resolved": "http://172.31.48.152:81/npm/api-npm/cli-cursor/-/cli-cursor-3.1.0.tgz",
      "integrity": "sha1-JkMFp65JDR0Dvwybp8kl0XU68wc=",
      "requires": {
        "restore-cursor": "^3.1.0"
      }
    },
    "cli-spinners": {
      "version": "2.6.0",
      "resolved": "http://172.31.48.152:81/npm/api-npm/cli-spinners/-/cli-spinners-2.6.0.tgz",
      "integrity": "sha512-t+4/y50K/+4xcCRosKkA7W4gTr1MySvLV0q+PxmG7FJ5g+66ChKurYjxBCjHggHH3HA5Hh9cy+lcUGWDqVH+4Q=="
    },
    "cliui": {
      "version": "7.0.4",
      "resolved": "http://172.31.48.152:81/npm/api-npm/cliui/-/cliui-7.0.4.tgz",
      "integrity": "sha512-OcRE68cOsVMXp1Yvonl/fzkQOyjLSu/8bhPDfQt0e0/Eb283TKP20Fs2MqoPsr9SwA595rRCA+QMzYc9nBP+JQ==",
      "requires": {
        "string-width": "^4.2.0",
        "strip-ansi": "^6.0.0",
        "wrap-ansi": "^7.0.0"
      }
    },
    "clone": {
      "version": "1.0.4",
      "resolved": "http://172.31.48.152:81/npm/api-npm/clone/-/clone-1.0.4.tgz",
      "integrity": "sha1-2jCcwmPfFZlMaIypAheco8fNfH4="
    },
    "color-convert": {
      "version": "2.0.1",
      "resolved": "http://172.31.48.152:81/npm/api-npm/color-convert/-/color-convert-2.0.1.tgz",
      "integrity": "sha1-ctOmjVmMm9s68q0ehPIdiWq9TeM=",
      "requires": {
        "color-name": "~1.1.4"
      }
    },
    "color-name": {
      "version": "1.1.4",
      "resolved": "http://172.31.48.152:81/npm/api-npm/color-name/-/color-name-1.1.4.tgz",
      "integrity": "sha1-wqCah6y95pVD3m9j+jmVyCbFNqI="
    },
    "commander": {
      "version": "6.2.1",
      "resolved": "http://172.31.48.152:81/npm/api-npm/commander/-/commander-6.2.1.tgz",
      "integrity": "sha1-B5LraC37wyWZm7K4T93duhEKxzw="
    },
    "csvtojson": {
      "version": "2.0.10",
      "resolved": "http://172.31.48.152:81/npm/api-npm/csvtojson/-/csvtojson-2.0.10.tgz",
      "integrity": "sha512-lUWFxGKyhraKCW8Qghz6Z0f2l/PqB1W3AO0HKJzGIQ5JRSlR651ekJDiGJbBT4sRNNv5ddnSGVEnsxP9XRCVpQ==",
      "requires": {
        "bluebird": "^3.5.1",
        "lodash": "^4.17.3",
        "strip-bom": "^2.0.0"
      }
    },
    "deep-copy": {
      "version": "1.4.2",
      "resolved": "http://172.31.48.152:81/npm/api-npm/deep-copy/-/deep-copy-1.4.2.tgz",
      "integrity": "sha512-VxZwQ/1+WGQPl5nE67uLhh7OqdrmqI1OazrraO9Bbw/M8Bt6Mol/RxzDA6N6ZgRXpsG/W9PgUj8E1LHHBEq2GQ=="
    },
    "defaults": {
      "version": "1.0.3",
      "resolved": "http://172.31.48.152:81/npm/api-npm/defaults/-/defaults-1.0.3.tgz",
      "integrity": "sha1-xlYFHpgX2f8I7YgUd/P+QBnz730=",
      "requires": {
        "clone": "^1.0.2"
      }
    },
    "dotenv": {
      "version": "8.2.0",
      "resolved": "http://172.31.48.152:81/npm/api-npm/dotenv/-/dotenv-8.2.0.tgz",
      "integrity": "sha1-l+YZJZradQ7qPk6j4mvO6lQksWo="
    },
    "ecdsa-sig-formatter": {
      "version": "1.0.11",
      "resolved": "http://172.31.48.152:81/npm/api-npm/ecdsa-sig-formatter/-/ecdsa-sig-formatter-1.0.11.tgz",
      "integrity": "sha512-nagl3RYrbNv6kQkeJIpt6NJZy8twLB/2vtz6yN9Z4vRKHN4/QZJIEbqohALSgwKdnksuY3k5Addp5lg8sVoVcQ==",
      "requires": {
        "safe-buffer": "^5.0.1"
      }
    },
    "emoji-regex": {
      "version": "8.0.0",
      "resolved": "http://172.31.48.152:81/npm/api-npm/emoji-regex/-/emoji-regex-8.0.0.tgz",
      "integrity": "sha1-6Bj9ac5cz8tARZT4QpY79TFkzDc="
    },
    "escalade": {
      "version": "3.1.1",
      "resolved": "http://172.31.48.152:81/npm/api-npm/escalade/-/escalade-3.1.1.tgz",
      "integrity": "sha1-2M/ccACWXFoBdLSoLqpcBVJ0LkA="
    },
    "esprima": {
      "version": "4.0.1",
      "resolved": "http://172.31.48.152:81/npm/api-npm/esprima/-/esprima-4.0.1.tgz",
      "integrity": "sha1-E7BM2z5sXRnfkatph6hpVhmwqnE="
    },
    "flat": {
      "version": "5.0.2",
      "resolved": "http://172.31.48.152:81/npm/api-npm/flat/-/flat-5.0.2.tgz",
      "integrity": "sha512-b6suED+5/3rTpUBdG1gupIl8MPFCAMA0QXwmljLhvCUKcUvdE4gWky9zpuGCcXHOsz4J9wPGNWq6OKpmIzz3hQ=="
    },
    "get-caller-file": {
      "version": "2.0.5",
      "resolved": "http://172.31.48.152:81/npm/api-npm/get-caller-file/-/get-caller-file-2.0.5.tgz",
      "integrity": "sha1-T5RBKoLbMvNuOwuXQfipf+sDH34="
    },
    "has-flag": {
      "version": "4.0.0",
      "resolved": "http://172.31.48.152:81/npm/api-npm/has-flag/-/has-flag-4.0.0.tgz",
      "integrity": "sha1-lEdx/ZyByBJlxNaUGGDaBrtZR5s="
    },
    "ieee754": {
      "version": "1.2.1",
      "resolved": "http://172.31.48.152:81/npm/api-npm/ieee754/-/ieee754-1.2.1.tgz",
      "integrity": "sha1-jrehCmP/8l0VpXsAFYbRd9Gw01I="
    },
    "inherits": {
      "version": "2.0.4",
      "resolved": "http://172.31.48.152:81/npm/api-npm/inherits/-/inherits-2.0.4.tgz",
      "integrity": "sha1-D6LGT5MpF8NDOg3tVTY6rjdBa3w="
    },
    "is-fullwidth-code-point": {
      "version": "3.0.0",
      "resolved": "http://172.31.48.152:81/npm/api-npm/is-fullwidth-code-point/-/is-fullwidth-code-point-3.0.0.tgz",
      "integrity": "sha1-8Rb4Bk/pCz94RKOJl8C3UFEmnx0="
    },
    "is-interactive": {
      "version": "1.0.0",
      "resolved": "http://172.31.48.152:81/npm/api-npm/is-interactive/-/is-interactive-1.0.0.tgz",
      "integrity": "sha1-zqbmrlyHCnsKAAQHC3tYfgJSkS4="
    },
    "is-unicode-supported": {
      "version": "0.1.0",
      "resolved": "http://172.31.48.152:81/npm/api-npm/is-unicode-supported/-/is-unicode-supported-0.1.0.tgz",
      "integrity": "sha512-knxG2q4UC3u8stRGyAVJCOdxFmv5DZiRcdlIaAQXAbSfJya+OhopNotLQrstBhququ4ZpuKbDc/8S6mgXgPFPw=="
    },
    "is-utf8": {
      "version": "0.2.1",
      "resolved": "http://172.31.48.152:81/npm/api-npm/is-utf8/-/is-utf8-0.2.1.tgz",
      "integrity": "sha1-Sw2hRCEE0bM2NA6AeX6GXPOffXI="
    },
    "isomorphic-fetch": {
      "version": "3.0.0",
      "resolved": "http://172.31.48.152:81/npm/api-npm/isomorphic-fetch/-/isomorphic-fetch-3.0.0.tgz",
      "integrity": "sha512-qvUtwJ3j6qwsF3jLxkZ72qCgjMysPzDfeV240JHiGZsANBYd+EEuu35v7dfrJ9Up0Ak07D7GGSkGhCHTqg/5wA==",
      "requires": {
        "node-fetch": "^2.6.1",
        "whatwg-fetch": "^3.4.1"
      }
    },
    "js-yaml": {
      "version": "3.14.1",
      "resolved": "http://172.31.48.152:81/npm/api-npm/js-yaml/-/js-yaml-3.14.1.tgz",
      "integrity": "sha1-2ugS/bOCX6MGYJqHFzg8UMNqBTc=",
      "requires": {
        "argparse": "^1.0.7",
        "esprima": "^4.0.0"
      }
    },
    "json2csv": {
      "version": "5.0.6",
      "resolved": "http://172.31.48.152:81/npm/api-npm/json2csv/-/json2csv-5.0.6.tgz",
      "integrity": "sha512-0/4Lv6IenJV0qj2oBdgPIAmFiKKnh8qh7bmLFJ+/ZZHLjSeiL3fKKGX3UryvKPbxFbhV+JcYo9KUC19GJ/Z/4A==",
      "requires": {
        "commander": "^6.1.0",
        "jsonparse": "^1.3.1",
        "lodash.get": "^4.4.2"
      }
    },
    "jsonparse": {
      "version": "1.3.1",
      "resolved": "http://172.31.48.152:81/npm/api-npm/jsonparse/-/jsonparse-1.3.1.tgz",
      "integrity": "sha1-P02uSpH6wxX3EGL4UhzCOfE2YoA="
    },
    "lodash": {
      "version": "4.17.21",
      "resolved": "http://172.31.48.152:81/npm/api-npm/lodash/-/lodash-4.17.21.tgz",
      "integrity": "sha1-Z5WRxWTDv/quhFTPCz3zcMPWkRw="
    },
    "lodash.get": {
      "version": "4.4.2",
      "resolved": "http://172.31.48.152:81/npm/api-npm/lodash.get/-/lodash.get-4.4.2.tgz",
      "integrity": "sha1-LRd/ZS+jHpObRDjVNBSZ36OCXpk="
    },
    "log-symbols": {
      "version": "4.1.0",
      "resolved": "http://172.31.48.152:81/npm/api-npm/log-symbols/-/log-symbols-4.1.0.tgz",
      "integrity": "sha512-8XPvpAA8uyhfteu8pIvQxpJZ7SYYdpUivZpGy6sFsBuKRY/7rQGavedeB8aK+Zkyq6upMFVL/9AW6vOYzfRyLg==",
      "requires": {
        "chalk": "^4.1.0",
        "is-unicode-supported": "^0.1.0"
      }
    },
    "mimic-fn": {
      "version": "2.1.0",
      "resolved": "http://172.31.48.152:81/npm/api-npm/mimic-fn/-/mimic-fn-2.1.0.tgz",
      "integrity": "sha1-ftLCzMyvhNP/y3pptXcR/CCDQBs="
    },
    "njwt": {
      "version": "1.0.0",
      "resolved": "http://172.31.48.152:81/npm/api-npm/njwt/-/njwt-1.0.0.tgz",
      "integrity": "sha512-n+FaPUauVQF/So+YcOACBb/zCxDH5WlCV3dTrX0u7VMGagjDiI39XRJWaPd2PtpT6IpIQUcd7x0twiRZaIQNDQ==",
      "requires": {
        "ecdsa-sig-formatter": "^1.0.5",
        "uuid": "^3.3.2"
      }
    },
    "node-fetch": {
      "version": "2.6.1",
      "resolved": "http://172.31.48.152:81/npm/api-npm/node-fetch/-/node-fetch-2.6.1.tgz",
      "integrity": "sha512-V4aYg89jEoVRxRb2fJdAg8FHvI7cEyYdVAh94HH0UIK8oJxUfkjlDQN9RbMx+bEjP7+ggMiFRprSti032Oipxw=="
    },
    "onetime": {
      "version": "5.1.2",
      "resolved": "http://172.31.48.152:81/npm/api-npm/onetime/-/onetime-5.1.2.tgz",
      "integrity": "sha1-0Oluu1awdHbfHdnEgG5SN5hcpF4=",
      "requires": {
        "mimic-fn": "^2.1.0"
      }
    },
    "ora": {
      "version": "5.4.0",
      "resolved": "http://172.31.48.152:81/npm/api-npm/ora/-/ora-5.4.0.tgz",
      "integrity": "sha512-1StwyXQGoU6gdjYkyVcqOLnVlbKj+6yPNNOxJVgpt9t4eksKjiriiHuxktLYkgllwk+D6MbC4ihH84L1udRXPg==",
      "requires": {
        "bl": "^4.1.0",
        "chalk": "^4.1.0",
        "cli-cursor": "^3.1.0",
        "cli-spinners": "^2.5.0",
        "is-interactive": "^1.0.0",
        "is-unicode-supported": "^0.1.0",
        "log-symbols": "^4.1.0",
        "strip-ansi": "^6.0.0",
        "wcwidth": "^1.0.1"
      }
    },
    "parse-link-header": {
      "version": "1.0.1",
      "resolved": "http://172.31.48.152:81/npm/api-npm/parse-link-header/-/parse-link-header-1.0.1.tgz",
      "integrity": "sha1-vt/g0hGK64S+deewJUGeyKYRQKc=",
      "requires": {
        "xtend": "~4.0.1"
      }
    },
    "rasha": {
      "version": "1.2.5",
      "resolved": "http://172.31.48.152:81/npm/api-npm/rasha/-/rasha-1.2.5.tgz",
      "integrity": "sha512-KxtX+/fBk+wM7O3CNgwjSh5elwFilLvqWajhr6wFr2Hd63JnKTTi43Tw+Jb1hxJQWOwoya+NZWR2xztn3hCrTw=="
    },
    "readable-stream": {
      "version": "3.6.0",
      "resolved": "http://172.31.48.152:81/npm/api-npm/readable-stream/-/readable-stream-3.6.0.tgz",
      "integrity": "sha1-M3u9o63AcGvT4CRCaihtS0sskZg=",
      "requires": {
        "inherits": "^2.0.3",
        "string_decoder": "^1.1.1",
        "util-deprecate": "^1.0.1"
      }
    },
    "require-directory": {
      "version": "2.1.1",
      "resolved": "http://172.31.48.152:81/npm/api-npm/require-directory/-/require-directory-2.1.1.tgz",
      "integrity": "sha1-jGStX9MNqxyXbiNE/+f3kqam30I="
    },
    "restore-cursor": {
      "version": "3.1.0",
      "resolved": "http://172.31.48.152:81/npm/api-npm/restore-cursor/-/restore-cursor-3.1.0.tgz",
      "integrity": "sha1-OfZ8VLOnpYzqUjbZXPADQjljH34=",
      "requires": {
        "onetime": "^5.1.0",
        "signal-exit": "^3.0.2"
      }
    },
    "safe-buffer": {
      "version": "5.2.1",
      "resolved": "http://172.31.48.152:81/npm/api-npm/safe-buffer/-/safe-buffer-5.2.1.tgz",
      "integrity": "sha1-Hq+fqb2x/dTsdfWPnNtOa3gn7sY="
    },
    "signal-exit": {
      "version": "3.0.3",
      "resolved": "http://172.31.48.152:81/npm/api-npm/signal-exit/-/signal-exit-3.0.3.tgz",
      "integrity": "sha1-oUEMLt2PB3sItOJTyOrPyvBXRhw="
    },
    "sprintf-js": {
      "version": "1.0.3",
      "resolved": "http://172.31.48.152:81/npm/api-npm/sprintf-js/-/sprintf-js-1.0.3.tgz",
      "integrity": "sha1-BOaSb2YolTVPPdAVIDYzuFcpfiw="
    },
    "string_decoder": {
      "version": "1.3.0",
      "resolved": "http://172.31.48.152:81/npm/api-npm/string_decoder/-/string_decoder-1.3.0.tgz",
      "integrity": "sha1-QvEUWUpGzxqOMLCoT1bHjD7awh4=",
      "requires": {
        "safe-buffer": "~5.2.0"
      }
    },
    "string-width": {
      "version": "4.2.0",
      "resolved": "http://172.31.48.152:81/npm/api-npm/string-width/-/string-width-4.2.0.tgz",
      "integrity": "sha1-lSGCxGzHssMT0VluYjmSvRY7crU=",
      "requires": {
        "emoji-regex": "^8.0.0",
        "is-fullwidth-code-point": "^3.0.0",
        "strip-ansi": "^6.0.0"
      }
    },
    "strip-ansi": {
      "version": "6.0.0",
      "resolved": "http://172.31.48.152:81/npm/api-npm/strip-ansi/-/strip-ansi-6.0.0.tgz",
      "integrity": "sha1-CxVx3XZpzNTz4G4U7x7tJiJa5TI=",
      "requires": {
        "ansi-regex": "^5.0.0"
      }
    },
    "strip-bom": {
      "version": "2.0.0",
      "resolved": "http://172.31.48.152:81/npm/api-npm/strip-bom/-/strip-bom-2.0.0.tgz",
      "integrity": "sha1-YhmoVhZSBJHzV4i9vxRHqZx+aw4=",
      "requires": {
        "is-utf8": "^0.2.0"
      }
    },
    "supports-color": {
      "version": "7.2.0",
      "resolved": "http://172.31.48.152:81/npm/api-npm/supports-color/-/supports-color-7.2.0.tgz",
      "integrity": "sha1-G33NyzK4E4gBs+R4umpRyqiWSNo=",
      "requires": {
        "has-flag": "^4.0.0"
      }
    },
    "util-deprecate": {
      "version": "1.0.2",
      "resolved": "http://172.31.48.152:81/npm/api-npm/util-deprecate/-/util-deprecate-1.0.2.tgz",
      "integrity": "sha1-RQ1Nyfpw3nMnYvvS1KKJgUGaDM8="
    },
    "uuid": {
      "version": "3.4.0",
      "resolved": "http://172.31.48.152:81/npm/api-npm/uuid/-/uuid-3.4.0.tgz",
      "integrity": "sha1-sj5DWK+oogL+ehAK8fX4g/AgB+4="
    },
    "wcwidth": {
      "version": "1.0.1",
      "resolved": "http://172.31.48.152:81/npm/api-npm/wcwidth/-/wcwidth-1.0.1.tgz",
      "integrity": "sha1-8LDc+RW8X/FSivrbLA4XtTLaL+g=",
      "requires": {
        "defaults": "^1.0.3"
      }
    },
    "whatwg-fetch": {
      "version": "3.5.0",
      "resolved": "http://172.31.48.152:81/npm/api-npm/whatwg-fetch/-/whatwg-fetch-3.5.0.tgz",
      "integrity": "sha1-YFos0KcUbl2xQeKdHGKrhMDEyGg="
    },
    "wrap-ansi": {
      "version": "7.0.0",
      "resolved": "http://172.31.48.152:81/npm/api-npm/wrap-ansi/-/wrap-ansi-7.0.0.tgz",
      "integrity": "sha512-YVGIj2kamLSTxw6NsZjoBxfSwsn0ycdesmc4p+Q21c5zPuZ1pl+NfxVdxPtdHvmNVOQ6XSYG4AUtyt/Fi7D16Q==",
      "requires": {
        "ansi-styles": "^4.0.0",
        "string-width": "^4.1.0",
        "strip-ansi": "^6.0.0"
      }
    },
    "xtend": {
      "version": "4.0.2",
      "resolved": "http://172.31.48.152:81/npm/api-npm/xtend/-/xtend-4.0.2.tgz",
      "integrity": "sha1-u3J3n1+kZRhrH0OPZ0+jR/2121Q="
    },
    "y18n": {
      "version": "5.0.5",
      "resolved": "http://172.31.48.152:81/npm/api-npm/y18n/-/y18n-5.0.5.tgz",
      "integrity": "sha512-hsRUr4FFrvhhRH12wOdfs38Gy7k2FFzB9qgN9v3aLykRq0dRcdcpz5C9FxdS2NuhOrI/628b/KSTJ3rwHysYSg=="
    },
    "yargs": {
      "version": "16.2.0",
      "resolved": "http://172.31.48.152:81/npm/api-npm/yargs/-/yargs-16.2.0.tgz",
      "integrity": "sha512-D1mvvtDG0L5ft/jGWkLpG1+m0eQxOfaBvTNELraWj22wSVUMWxZUvYgJYcKh6jGGIkJFhH4IZPQhR4TKpc8mBw==",
      "requires": {
        "cliui": "^7.0.2",
        "escalade": "^3.1.1",
        "get-caller-file": "^2.0.5",
        "require-directory": "^2.1.1",
        "string-width": "^4.2.0",
        "y18n": "^5.0.5",
        "yargs-parser": "^20.2.2"
      }
    },
    "yargs-parser": {
      "version": "20.2.4",
      "resolved": "http://172.31.48.152:81/npm/api-npm/yargs-parser/-/yargs-parser-20.2.4.tgz",
      "integrity": "sha1-tCiQ8UVmeW+Fro46JSkNIF8VSlQ="
    }
  }
}
